
Microsoft Visual Studio Solution File, Format Version 12.00
# Visual Studio Version 16
VisualStudioVersion = 16.0.31205.134
MinimumVisualStudioVersion = 10.0.40219.1
Project("{9A19103F-16F7-4668-BE54-9A1E7A4F7556}") = "BankService", "BankService\BankService.csproj", "{1C14C415-B0A1-402F-ACAB-D6C55B6B9FF4}"
EndProject
Project("{FAE04EC0-301F-11D3-BF4B-00C04F79EFBC}") = "OnBoardingService", "OnBoardingService\OnBoardingService.csproj", "{0FCEC7B6-2907-4CA5-BB5D-FC51918B2898}"
EndProject
Project("{FAE04EC0-301F-11D3-BF4B-00C04F79EFBC}") = "OTPService", "OTPService\OTPService.csproj", "{7E9D0D59-5D89-475C-ACEA-8D9A1FE64A10}"
EndProject
Global
	GlobalSection(SolutionConfigurationPlatforms) = preSolution
		Debug|Any CPU = Debug|Any CPU
		Release|Any CPU = Release|Any CPU
	EndGlobalSection
	GlobalSection(ProjectConfigurationPlatforms) = postSolution
		{1C14C415-B0A1-402F-ACAB-D6C55B6B9FF4}.Debug|Any CPU.ActiveCfg = Debug|Any CPU
		{1C14C415-B0A1-402F-ACAB-D6C55B6B9FF4}.Debug|Any CPU.Build.0 = Debug|Any CPU
		{1C14C415-B0A1-402F-ACAB-D6C55B6B9FF4}.Release|Any CPU.ActiveCfg = Release|Any CPU
		{1C14C415-B0A1-402F-ACAB-D6C55B6B9FF4}.Release|Any CPU.Build.0 = Release|Any CPU
		{0FCEC7B6-2907-4CA5-BB5D-FC51918B2898}.Debug|Any CPU.ActiveCfg = Debug|Any CPU
		{0FCEC7B6-2907-4CA5-BB5D-FC51918B2898}.Debug|Any CPU.Build.0 = Debug|Any CPU
		{0FCEC7B6-2907-4CA5-BB5D-FC51918B2898}.Release|Any CPU.ActiveCfg = Release|Any CPU
		{0FCEC7B6-2907-4CA5-BB5D-FC51918B2898}.Release|Any CPU.Build.0 = Release|Any CPU
		{7E9D0D59-5D89-475C-ACEA-8D9A1FE64A10}.Debug|Any CPU.ActiveCfg = Debug|Any CPU
		{7E9D0D59-5D89-475C-ACEA-8D9A1FE64A10}.Debug|Any CPU.Build.0 = Debug|Any CPU
		{7E9D0D59-5D89-475C-ACEA-8D9A1FE64A10}.Release|Any CPU.ActiveCfg = Release|Any CPU
		{7E9D0D59-5D89-475C-ACEA-8D9A1FE64A10}.Release|Any CPU.Build.0 = Release|Any CPU
	EndGlobalSection
	GlobalSection(SolutionProperties) = preSolution
		HideSolutionNode = FALSE
	EndGlobalSection
	GlobalSection(ExtensibilityGlobals) = postSolution
		SolutionGuid = {3D60024B-5DD3-476B-8B27-624BF87A16FD}
	EndGlobalSection
EndGlobal
